
Microsoft Visual Studio Solution File, Format Version 12.00
# Visual Studio Version 17
VisualStudioVersion = 17.4.33205.214
MinimumVisualStudioVersion = 10.0.40219.1
Project("{FAE04EC0-301F-11D3-BF4B-00C04F79EFBC}") = "ApiWithUnitTetsting", "ApiWithUnitTetsting.csproj", "{6F15A461-A473-4105-A9FB-D4095F0409EB}"
EndProject
Project("{FAE04EC0-301F-11D3-BF4B-00C04F79EFBC}") = "TestProject1", "..\TestProject1\TestProject1.csproj", "{88D66011-4AD0-49F9-834A-674A01239C13}"
EndProject
Global
	GlobalSection(SolutionConfigurationPlatforms) = preSolution
		Debug|Any CPU = Debug|Any CPU
		Release|Any CPU = Release|Any CPU
	EndGlobalSection
	GlobalSection(ProjectConfigurationPlatforms) = postSolution
		{6F15A461-A473-4105-A9FB-D4095F0409EB}.Debug|Any CPU.ActiveCfg = Debug|Any CPU
		{6F15A461-A473-4105-A9FB-D4095F0409EB}.Debug|Any CPU.Build.0 = Debug|Any CPU
		{6F15A461-A473-4105-A9FB-D4095F0409EB}.Release|Any CPU.ActiveCfg = Release|Any CPU
		{6F15A461-A473-4105-A9FB-D4095F0409EB}.Release|Any CPU.Build.0 = Release|Any CPU
		{88D66011-4AD0-49F9-834A-674A01239C13}.Debug|Any CPU.ActiveCfg = Debug|Any CPU
		{88D66011-4AD0-49F9-834A-674A01239C13}.Debug|Any CPU.Build.0 = Debug|Any CPU
		{88D66011-4AD0-49F9-834A-674A01239C13}.Release|Any CPU.ActiveCfg = Release|Any CPU
		{88D66011-4AD0-49F9-834A-674A01239C13}.Release|Any CPU.Build.0 = Release|Any CPU
	EndGlobalSection
	GlobalSection(SolutionProperties) = preSolution
		HideSolutionNode = FALSE
	EndGlobalSection
	GlobalSection(ExtensibilityGlobals) = postSolution
		SolutionGuid = {0099A564-5A23-4911-87D1-6F8F35AAF02D}
	EndGlobalSection
EndGlobal
